
Microsoft Visual Studio Solution File, Format Version 12.00
# Visual Studio Version 17
VisualStudioVersion = 17.10.35122.118
MinimumVisualStudioVersion = 10.0.40219.1
Project("{FAE04EC0-301F-11D3-BF4B-00C04F79EFBC}") = "ChatApp", "ChatApp\ChatApp.csproj", "{CB71D4EC-F54A-4C16-8D9A-66E3DB4E3042}"
EndProject
Global
	GlobalSection(SolutionConfigurationPlatforms) = preSolution
		Debug|Any CPU = Debug|Any CPU
		Release|Any CPU = Release|Any CPU
	EndGlobalSection
	GlobalSection(ProjectConfigurationPlatforms) = postSolution
		{CB71D4EC-F54A-4C16-8D9A-66E3DB4E3042}.Debug|Any CPU.ActiveCfg = Debug|Any CPU
		{CB71D4EC-F54A-4C16-8D9A-66E3DB4E3042}.Debug|Any CPU.Build.0 = Debug|Any CPU
		{CB71D4EC-F54A-4C16-8D9A-66E3DB4E3042}.Release|Any CPU.ActiveCfg = Release|Any CPU
		{CB71D4EC-F54A-4C16-8D9A-66E3DB4E3042}.Release|Any CPU.Build.0 = Release|Any CPU
	EndGlobalSection
	GlobalSection(SolutionProperties) = preSolution
		HideSolutionNode = FALSE
	EndGlobalSection
	GlobalSection(ExtensibilityGlobals) = postSolution
		SolutionGuid = {CC8E5DF2-72D3-459E-A260-CB1CD1B9B2A8}
	EndGlobalSection
EndGlobal
